{
    "hash": "6aec24386888f1d2457164ad895f276a",
    "packages": [
        {
            "name": "doctrine/common",
            "version": "2.3.0",
            "source": {
                "type": "git",
                "url": "https://github.com/doctrine/common",
                "reference": "2.3.0"
            },
            "dist": {
                "type": "zip",
                "url": "https://github.com/doctrine/common/zipball/2.3.0",
                "reference": "2.3.0",
                "shasum": ""
            },
            "require": {
                "php": ">=5.3.2"
            },
            "time": "2012-09-20 05:55:18",
            "type": "library",
            "extra": {
                "branch-alias": {
                    "dev-master": "2.3.x-dev"
                }
            },
            "installation-source": "dist",
            "autoload": {
                "psr-0": {
                    "Doctrine\\Common": "lib/"
                }
            },
            "license": [
                "MIT"
            ],
            "authors": [
                {
                    "name": "Jonathan Wage",
                    "email": "jonwage@gmail.com",
                    "homepage": "http://www.jwage.com/"
                },
                {
                    "name": "Guilherme Blanco",
                    "email": "guilhermeblanco@gmail.com",
                    "homepage": "http://www.instaclick.com"
                },
                {
                    "name": "Roman Borschel",
                    "email": "roman@code-factory.org"
                },
                {
                    "name": "Benjamin Eberlei",
                    "email": "kontakt@beberlei.de"
                },
                {
                    "name": "Johannes M. Schmitt",
                    "email": "schmittjoh@gmail.com",
                    "homepage": "http://jmsyst.com",
                    "role": "Developer of wrapped JMSSerializerBundle"
                }
            ],
            "description": "Common Library for Doctrine projects",
            "homepage": "http://www.doctrine-project.org",
            "keywords": [
                "collections",
                "spl",
                "eventmanager",
                "annotations",
                "persistence"
            ]
        },
        {
            "name": "doctrine/couchdb",
            "version": "dev-master",
            "source": {
                "type": "git",
                "url": "https://github.com/doctrine/couchdb-client.git",
                "reference": "bd5911054f39504c884606db6e290a10b7f05f75"
            },
            "dist": {
                "type": "zip",
                "url": "https://github.com/doctrine/couchdb-client/zipball/bd5911054f39504c884606db6e290a10b7f05f75",
                "reference": "bd5911054f39504c884606db6e290a10b7f05f75",
                "shasum": ""
            },
            "require": {
                "php": ">=5.3.2",
                "doctrine/common": "*"
            },
            "time": "1345228208",
            "type": "library",
            "installation-source": "source",
            "autoload": {
                "psr-0": {
                    "Doctrine\\CouchDB": "lib/"
                }
            },
            "license": [
                "LGPL"
            ],
            "authors": [
                {
                    "name": "Benjamin Eberlei",
                    "email": "kontakt@beberlei.de"
                },
                {
                    "name": "Lukas Kahwe Smith",
                    "email": "smith@pooteeweet.org"
                }
            ],
            "description": "CouchDB Client",
            "homepage": "http://www.doctrine-project.org",
            "keywords": [
                "persistence",
                "couchdb"
            ]
        },
        {
            "name": "doctrine/couchdb-odm",
            "version": "dev-master",
            "source": {
                "type": "git",
                "url": "git://github.com/doctrine/couchdb-odm.git",
                "reference": "7e877e6d9b359eb6f9384b7af3de7a97415801bb"
            },
            "dist": {
                "type": "zip",
                "url": "https://github.com/doctrine/couchdb-odm/zipball/7e877e6d9b359eb6f9384b7af3de7a97415801bb",
                "reference": "7e877e6d9b359eb6f9384b7af3de7a97415801bb",
                "shasum": ""
            },
            "require": {
                "php": ">=5.3.2",
                "doctrine/couchdb": "*",
                "symfony/console": ">=2.0",
                "doctrine/common": ">=2.2.0,<2.3.9999"
            },
            "suggest": {
                "symfony/yaml": ">=2.0"
            },
            "time": "1347821510",
            "type": "library",
            "installation-source": "source",
            "autoload": {
                "psr-0": {
                    "Doctrine\\ODM\\CouchDB": "lib/"
                }
            },
            "license": [
                "MIT"
            ],
            "authors": [
                {
                    "name": "Benjamin Eberlei",
                    "email": "kontakt@beberlei.de"
                },
                {
                    "name": "Lukas Kahwe Smith",
                    "email": "smith@pooteeweet.org"
                }
            ],
            "description": "CouchDB Document Object Mapper",
            "homepage": "http://www.doctrine-project.org",
            "keywords": [
                "persistence",
                "couchdb"
            ]
        },
        {
            "name": "symfony/console",
            "version": "dev-master",
            "target-dir": "Symfony/Component/Console",
            "source": {
                "type": "git",
                "url": "https://github.com/symfony/Console",
                "reference": "ed8cb0f43ad61ea29c13c671a2c1d7ee742748d5"
            },
            "dist": {
                "type": "zip",
                "url": "https://github.com/symfony/Console/zipball/ed8cb0f43ad61ea29c13c671a2c1d7ee742748d5",
                "reference": "ed8cb0f43ad61ea29c13c671a2c1d7ee742748d5",
                "shasum": ""
            },
            "require": {
                "php": ">=5.3.3"
            },
            "time": "1349333089",
            "type": "library",
            "extra": {
                "branch-alias": {
                    "dev-master": "2.2-dev"
                }
            },
            "installation-source": "source",
            "autoload": {
                "psr-0": {
                    "Symfony\\Component\\Console\\": ""
                }
            },
            "license": [
                "MIT"
            ],
            "authors": [
                {
                    "name": "Fabien Potencier",
                    "email": "fabien@symfony.com"
                },
                {
                    "name": "Symfony Community",
                    "homepage": "http://symfony.com/contributors"
                }
            ],
            "description": "Symfony Console Component",
            "homepage": "http://symfony.com"
        }
    ],
    "packages-dev": null,
    "aliases": [

    ],
    "minimum-stability": "dev",
    "stability-flags": {
        "doctrine/couchdb-odm": 20
    }
}
